
Microsoft Visual Studio Solution File, Format Version 12.00
# Visual Studio 2013
VisualStudioVersion = 12.0.31101.0
MinimumVisualStudioVersion = 10.0.40219.1
Project("{8BC9CEB8-8B4A-11D0-8D11-00A0C91BC942}") = "srm236", "srm236\srm236.vcxproj", "{99817A94-F19E-4F5A-955D-38C697E0C58E}"
EndProject
Global
	GlobalSection(SolutionConfigurationPlatforms) = preSolution
		Debug|Win32 = Debug|Win32
		Release|Win32 = Release|Win32
	EndGlobalSection
	GlobalSection(ProjectConfigurationPlatforms) = postSolution
		{99817A94-F19E-4F5A-955D-38C697E0C58E}.Debug|Win32.ActiveCfg = Debug|Win32
		{99817A94-F19E-4F5A-955D-38C697E0C58E}.Debug|Win32.Build.0 = Debug|Win32
		{99817A94-F19E-4F5A-955D-38C697E0C58E}.Release|Win32.ActiveCfg = Release|Win32
		{99817A94-F19E-4F5A-955D-38C697E0C58E}.Release|Win32.Build.0 = Release|Win32
	EndGlobalSection
	GlobalSection(SolutionProperties) = preSolution
		HideSolutionNode = FALSE
	EndGlobalSection
EndGlobal
