
Microsoft Visual Studio Solution File, Format Version 12.00
# Visual Studio 2013
VisualStudioVersion = 12.0.31101.0
MinimumVisualStudioVersion = 10.0.40219.1
Project("{8BC9CEB8-8B4A-11D0-8D11-00A0C91BC942}") = "srm654", "srm654\srm654.vcxproj", "{0C9FD7FE-6F75-4C80-BF0D-A3B9CD7E86E6}"
EndProject
Global
	GlobalSection(SolutionConfigurationPlatforms) = preSolution
		Debug|Win32 = Debug|Win32
		Release|Win32 = Release|Win32
	EndGlobalSection
	GlobalSection(ProjectConfigurationPlatforms) = postSolution
		{0C9FD7FE-6F75-4C80-BF0D-A3B9CD7E86E6}.Debug|Win32.ActiveCfg = Debug|Win32
		{0C9FD7FE-6F75-4C80-BF0D-A3B9CD7E86E6}.Debug|Win32.Build.0 = Debug|Win32
		{0C9FD7FE-6F75-4C80-BF0D-A3B9CD7E86E6}.Release|Win32.ActiveCfg = Release|Win32
		{0C9FD7FE-6F75-4C80-BF0D-A3B9CD7E86E6}.Release|Win32.Build.0 = Release|Win32
	EndGlobalSection
	GlobalSection(SolutionProperties) = preSolution
		HideSolutionNode = FALSE
	EndGlobalSection
EndGlobal
